
Microsoft Visual Studio Solution File, Format Version 12.00
# Visual Studio Version 16
VisualStudioVersion = 16.0.31205.134
MinimumVisualStudioVersion = 10.0.40219.1
Project("{FAE04EC0-301F-11D3-BF4B-00C04F79EFBC}") = "DothrakiAPI", "DothrakiAPI\DothrakiAPI.csproj", "{ED93C664-5616-4382-9142-2A62B53D1800}"
EndProject
Global
	GlobalSection(SolutionConfigurationPlatforms) = preSolution
		Debug|Any CPU = Debug|Any CPU
		Release|Any CPU = Release|Any CPU
	EndGlobalSection
	GlobalSection(ProjectConfigurationPlatforms) = postSolution
		{ED93C664-5616-4382-9142-2A62B53D1800}.Debug|Any CPU.ActiveCfg = Debug|Any CPU
		{ED93C664-5616-4382-9142-2A62B53D1800}.Debug|Any CPU.Build.0 = Debug|Any CPU
		{ED93C664-5616-4382-9142-2A62B53D1800}.Release|Any CPU.ActiveCfg = Release|Any CPU
		{ED93C664-5616-4382-9142-2A62B53D1800}.Release|Any CPU.Build.0 = Release|Any CPU
	EndGlobalSection
	GlobalSection(SolutionProperties) = preSolution
		HideSolutionNode = FALSE
	EndGlobalSection
	GlobalSection(ExtensibilityGlobals) = postSolution
		SolutionGuid = {F55FB4AF-990D-444E-B6FD-EB430C2847B3}
	EndGlobalSection
EndGlobal
